{
  "name": "elements",
  "version": "1.0.0",
  "lockfileVersion": 1,
  "requires": true,
  "dependencies": {
    "typescript": {
      "version": "3.4.5",
      "resolved": "https://artifactory.ib-ci.com/artifactory/api/npm/npm-release/typescript/-/typescript-3.4.5.tgz",
      "integrity": "sha1-LSYY0Qu1ZlcrjXqtUYDYQlfXCpk=",
      "dev": true
    }
  }
}
